
Microsoft Visual Studio Solution File, Format Version 12.00
# Visual Studio Version 17
VisualStudioVersion = 17.7.34031.279
MinimumVisualStudioVersion = 10.0.40219.1
Project("{FAE04EC0-301F-11D3-BF4B-00C04F79EFBC}") = "mvvmTest", "mvvmTest\mvvmTest.csproj", "{3C48019D-B1AC-4663-B10D-4E62E5A6CB17}"
EndProject
Global
	GlobalSection(SolutionConfigurationPlatforms) = preSolution
		Debug|Any CPU = Debug|Any CPU
		Release|Any CPU = Release|Any CPU
	EndGlobalSection
	GlobalSection(ProjectConfigurationPlatforms) = postSolution
		{3C48019D-B1AC-4663-B10D-4E62E5A6CB17}.Debug|Any CPU.ActiveCfg = Debug|Any CPU
		{3C48019D-B1AC-4663-B10D-4E62E5A6CB17}.Debug|Any CPU.Build.0 = Debug|Any CPU
		{3C48019D-B1AC-4663-B10D-4E62E5A6CB17}.Release|Any CPU.ActiveCfg = Release|Any CPU
		{3C48019D-B1AC-4663-B10D-4E62E5A6CB17}.Release|Any CPU.Build.0 = Release|Any CPU
	EndGlobalSection
	GlobalSection(SolutionProperties) = preSolution
		HideSolutionNode = FALSE
	EndGlobalSection
	GlobalSection(ExtensibilityGlobals) = postSolution
		SolutionGuid = {830C45EA-E460-49E7-9E99-F83D64935E18}
	EndGlobalSection
EndGlobal
